
Microsoft Visual Studio Solution File, Format Version 12.00
# Visual Studio 15
Project("{FAE04EC0-301F-11D3-BF4B-00C04F79EFBC}") = "Assembly-CSharp", "Assembly-CSharp.csproj", "{7DD93FA6-1CE8-5F70-10AB-8E08A32E2F56}"
EndProject
Global
	GlobalSection(SolutionConfigurationPlatforms) = preSolution
		Debug|Any CPU = Debug|Any CPU
		Release|Any CPU = Release|Any CPU
	EndGlobalSection
	GlobalSection(ProjectConfigurationPlatforms) = postSolution
		{7DD93FA6-1CE8-5F70-10AB-8E08A32E2F56}.Debug|Any CPU.ActiveCfg = Debug|Any CPU
		{7DD93FA6-1CE8-5F70-10AB-8E08A32E2F56}.Debug|Any CPU.Build.0 = Debug|Any CPU
		{7DD93FA6-1CE8-5F70-10AB-8E08A32E2F56}.Release|Any CPU.ActiveCfg = Release|Any CPU
		{7DD93FA6-1CE8-5F70-10AB-8E08A32E2F56}.Release|Any CPU.Build.0 = Release|Any CPU
	EndGlobalSection
	GlobalSection(SolutionProperties) = preSolution
		HideSolutionNode = FALSE
	EndGlobalSection
EndGlobal
